# This file is autogenerated, do not edit; changes may be undone by the next 'dep ensure'.


[[projects]]
  branch = "master"
  name = "github.com/rvasily/examplerepo"
  packages = ["."]
  revision = "9b59d66a1aa9d34f5072d653a1413ab8717b4a88"

[solve-meta]
  analyzer-name = "dep"
  analyzer-version = 1
  inputs-digest = "ce352e202e02178cc87b17f22f8b67b19ea44d2b7ec85db9e3cee5a756c331d3"
  solver-name = "gps-cdcl"
  solver-version = 1
